{
	"name": "docpad-plugin-uglify-testsite",
	"version": "0.0.1",
	"lockfileVersion": 1,
	"requires": true,
	"dependencies": {
		"coffee-script": {
			"version": "1.6.3",
			"resolved": "https://registry.npmjs.org/coffee-script/-/coffee-script-1.6.3.tgz",
			"integrity": "sha1-Y1XTLPGwTN/2tITl5xF4Ky8MOb4="
		},
		"docpad-plugin-coffeescript": {
			"version": "2.2.3",
			"resolved": "https://registry.npmjs.org/docpad-plugin-coffeescript/-/docpad-plugin-coffeescript-2.2.3.tgz",
			"integrity": "sha1-TCVZIbcUyhW236MBcd15i4tdZ4s=",
			"requires": {
				"coffee-script": "~1.6.3"
			}
		}
	}
}
