{
	"name": "docpad-plugin-uglify-testsite",
	"version": "0.0.1",
	"lockfileVersion": 1,
	"requires": true,
	"dependencies": {
		"coffeescript": {
			"version": "2.5.1",
			"resolved": "https://registry.npmjs.org/coffeescript/-/coffeescript-2.5.1.tgz",
			"integrity": "sha512-J2jRPX0eeFh5VKyVnoLrfVFgLZtnnmp96WQSLAS8OrLm2wtQLcnikYKe1gViJKDH7vucjuhHvBKKBP3rKcD1tQ=="
		},
		"docpad-baseplugin": {
			"version": "1.4.0",
			"resolved": "https://registry.npmjs.org/docpad-baseplugin/-/docpad-baseplugin-1.4.0.tgz",
			"integrity": "sha512-WnOElWx6bW2E1OPNWb5rWlDM6bEsBHwhqvRzon16Cduw+XzGyL0SV15CiaEXrV6kq3fsgbALIcJs4r5GFP7Ucg==",
			"requires": {
				"eachr": "^4.5.0",
				"errlop": "^3.15.0",
				"extendr": "^5.13.0",
				"typechecker": "^7.13.0"
			}
		},
		"docpad-plugin-coffeescript": {
			"version": "2.8.0",
			"resolved": "https://registry.npmjs.org/docpad-plugin-coffeescript/-/docpad-plugin-coffeescript-2.8.0.tgz",
			"integrity": "sha512-mUfycLPKjPClmshu1LVYT6pTXqGumtsq3Xb670x4bsHwSfr6KSAIC7uaezgPY+pK/MKJZuYTr5N6UWEGcE/k9A==",
			"requires": {
				"coffeescript": "^2.5.1",
				"docpad-baseplugin": "^1.4.0"
			}
		},
		"eachr": {
			"version": "4.5.0",
			"resolved": "https://registry.npmjs.org/eachr/-/eachr-4.5.0.tgz",
			"integrity": "sha512-9I664RWp6p8jvcHZIwo7bWaiSaUmA1wNSLKwNZEiaYjqiTARq3cGjyRiIunsopZv4QMmX3T5Hs17QoPAzdYxfg==",
			"requires": {
				"typechecker": "^6.2.0"
			},
			"dependencies": {
				"typechecker": {
					"version": "6.4.0",
					"resolved": "https://registry.npmjs.org/typechecker/-/typechecker-6.4.0.tgz",
					"integrity": "sha512-EbOu+9szY13mhl0EsvLXnR+pTCa3gTHQQPLdce72ujcC9fRHXlVFBNXtHeRhgzLxLlKUh4zA9C0tezLDgshf+A=="
				}
			}
		},
		"errlop": {
			"version": "3.15.0",
			"resolved": "https://registry.npmjs.org/errlop/-/errlop-3.15.0.tgz",
			"integrity": "sha512-kVoo/PhGXmmDXGjPG7vM0HZOpH/EqhiKPYJYe79f+SZjG/AFK3VpSrp10j68kLdpiUaIM4xOYNRRniMdSiYMjA=="
		},
		"extendr": {
			"version": "5.13.0",
			"resolved": "https://registry.npmjs.org/extendr/-/extendr-5.13.0.tgz",
			"integrity": "sha512-xo7C5lOBARdvgOAJ+M6+RDu0YaLZF5PiNb1sk5HyWhv4k+V7baU44IxR3/TodI3rtvmvvRDHYLexTV219ni+PA==",
			"requires": {
				"typechecker": "^7.12.0"
			}
		},
		"typechecker": {
			"version": "7.13.0",
			"resolved": "https://registry.npmjs.org/typechecker/-/typechecker-7.13.0.tgz",
			"integrity": "sha512-Hyv1qjHAJ3jT/M6RVa4A8YVnC8Qy/LNm6pP55Ll6/Z2cJbGORKxMcmix2+arJ2d85XkD9CiSLMUGylhOlgqJ1A=="
		}
	}
}
